
Microsoft Visual Studio Solution File, Format Version 12.00
# Visual Studio Version 16
VisualStudioVersion = 25.0.1700.7
MinimumVisualStudioVersion = 10.0.40219.1
Project("{FAE04EC0-301F-11D3-BF4B-00C04F79EFBC}") = "TutorialMod", "TutorialMod.csproj", "{C02C134D-12D3-4F66-B4B4-BE3662FE5622}"
EndProject
Global
	GlobalSection(SolutionConfigurationPlatforms) = preSolution
		Debug|Any CPU = Debug|Any CPU
		Release|Any CPU = Release|Any CPU
	EndGlobalSection
	GlobalSection(ProjectConfigurationPlatforms) = postSolution
		{C02C134D-12D3-4F66-B4B4-BE3662FE5622}.Debug|Any CPU.ActiveCfg = Debug|Any CPU
		{C02C134D-12D3-4F66-B4B4-BE3662FE5622}.Debug|Any CPU.Build.0 = Debug|Any CPU
		{C02C134D-12D3-4F66-B4B4-BE3662FE5622}.Release|Any CPU.ActiveCfg = Release|Any CPU
		{C02C134D-12D3-4F66-B4B4-BE3662FE5622}.Release|Any CPU.Build.0 = Release|Any CPU
	EndGlobalSection
	GlobalSection(SolutionProperties) = preSolution
		HideSolutionNode = FALSE
	EndGlobalSection
	GlobalSection(ExtensibilityGlobals) = postSolution
		SolutionGuid = {12751D8D-5E37-4ED1-A5F7-52FED6DDE21C}
	EndGlobalSection
EndGlobal
